
Microsoft Visual Studio Solution File, Format Version 11.00
# Visual Studio 2010
Project("{FAE04EC0-301F-11D3-BF4B-00C04F79EFBC}") = "GerenciadorFinanceiro", "GerenciadorFinanceiro\GerenciadorFinanceiro.csproj", "{9B6CBD3E-42D9-44CC-A998-FA9422A29D55}"
EndProject
Project("{FAE04EC0-301F-11D3-BF4B-00C04F79EFBC}") = "Gerenciador.Dominio", "Gerenciador.Dominio\Gerenciador.Dominio.csproj", "{CAA9F097-063F-4FF9-8194-944F5D49D628}"
EndProject
Project("{FAE04EC0-301F-11D3-BF4B-00C04F79EFBC}") = "Gerenciador.Eventos", "Gerenciador.Eventos\Gerenciador.Eventos.csproj", "{704A179F-0E8E-45D5-93D2-BB0B025A3F13}"
EndProject
Project("{FAE04EC0-301F-11D3-BF4B-00C04F79EFBC}") = "Gerenciador.Comandos", "Gerenciador.Comandos\Gerenciador.Comandos.csproj", "{B1E81051-B844-4703-9AF1-F389AE307DF3}"
EndProject
Project("{FAE04EC0-301F-11D3-BF4B-00C04F79EFBC}") = "Gerenciador.ExecutorComandos", "Gerenciador.ExecutorComandos\Gerenciador.ExecutorComandos.csproj", "{E71A10ED-B740-478A-9588-9E96221AB1F9}"
EndProject
Project("{FAE04EC0-301F-11D3-BF4B-00C04F79EFBC}") = "Gerenciador.ServicoComandos", "Gerenciador.ServicoComandos\Gerenciador.ServicoComandos.csproj", "{B7C26FDA-D160-4051-AF03-0722638BE9D6}"
EndProject
Project("{FAE04EC0-301F-11D3-BF4B-00C04F79EFBC}") = "Gerenciador.InterfaceWeb", "Gerenciador.InterfaceWeb\Gerenciador.InterfaceWeb.csproj", "{E2E3847D-91D3-44A8-BC29-7D24AB90D44F}"
	ProjectSection(ProjectDependencies) = postProject
		{B7C26FDA-D160-4051-AF03-0722638BE9D6} = {B7C26FDA-D160-4051-AF03-0722638BE9D6}
	EndProjectSection
EndProject
Project("{FAE04EC0-301F-11D3-BF4B-00C04F79EFBC}") = "Gerenciador.ModeloLeitura", "Gerenciador.ModeloLeitura\Gerenciador.ModeloLeitura.csproj", "{FAF1ED75-4207-4563-8924-1A3CEC679214}"
EndProject
Project("{FAE04EC0-301F-11D3-BF4B-00C04F79EFBC}") = "Gerenciador.Migracao", "Gerenciador.Migracao\Gerenciador.Migracao.csproj", "{D4F6ACEB-886B-4B4B-823F-975C8374501C}"
EndProject
Global
	GlobalSection(SolutionConfigurationPlatforms) = preSolution
		Debug|Any CPU = Debug|Any CPU
		Debug|Mixed Platforms = Debug|Mixed Platforms
		Debug|x86 = Debug|x86
		Release|Any CPU = Release|Any CPU
		Release|Mixed Platforms = Release|Mixed Platforms
		Release|x86 = Release|x86
	EndGlobalSection
	GlobalSection(ProjectConfigurationPlatforms) = postSolution
		{9B6CBD3E-42D9-44CC-A998-FA9422A29D55}.Debug|Any CPU.ActiveCfg = Debug|Any CPU
		{9B6CBD3E-42D9-44CC-A998-FA9422A29D55}.Debug|Any CPU.Build.0 = Debug|Any CPU
		{9B6CBD3E-42D9-44CC-A998-FA9422A29D55}.Debug|Mixed Platforms.ActiveCfg = Debug|Any CPU
		{9B6CBD3E-42D9-44CC-A998-FA9422A29D55}.Debug|Mixed Platforms.Build.0 = Debug|Any CPU
		{9B6CBD3E-42D9-44CC-A998-FA9422A29D55}.Debug|x86.ActiveCfg = Debug|Any CPU
		{9B6CBD3E-42D9-44CC-A998-FA9422A29D55}.Release|Any CPU.ActiveCfg = Release|Any CPU
		{9B6CBD3E-42D9-44CC-A998-FA9422A29D55}.Release|Any CPU.Build.0 = Release|Any CPU
		{9B6CBD3E-42D9-44CC-A998-FA9422A29D55}.Release|Mixed Platforms.ActiveCfg = Release|Any CPU
		{9B6CBD3E-42D9-44CC-A998-FA9422A29D55}.Release|Mixed Platforms.Build.0 = Release|Any CPU
		{9B6CBD3E-42D9-44CC-A998-FA9422A29D55}.Release|x86.ActiveCfg = Release|Any CPU
		{CAA9F097-063F-4FF9-8194-944F5D49D628}.Debug|Any CPU.ActiveCfg = Debug|Any CPU
		{CAA9F097-063F-4FF9-8194-944F5D49D628}.Debug|Any CPU.Build.0 = Debug|Any CPU
		{CAA9F097-063F-4FF9-8194-944F5D49D628}.Debug|Mixed Platforms.ActiveCfg = Debug|Any CPU
		{CAA9F097-063F-4FF9-8194-944F5D49D628}.Debug|Mixed Platforms.Build.0 = Debug|Any CPU
		{CAA9F097-063F-4FF9-8194-944F5D49D628}.Debug|x86.ActiveCfg = Debug|Any CPU
		{CAA9F097-063F-4FF9-8194-944F5D49D628}.Release|Any CPU.ActiveCfg = Release|Any CPU
		{CAA9F097-063F-4FF9-8194-944F5D49D628}.Release|Any CPU.Build.0 = Release|Any CPU
		{CAA9F097-063F-4FF9-8194-944F5D49D628}.Release|Mixed Platforms.ActiveCfg = Release|Any CPU
		{CAA9F097-063F-4FF9-8194-944F5D49D628}.Release|Mixed Platforms.Build.0 = Release|Any CPU
		{CAA9F097-063F-4FF9-8194-944F5D49D628}.Release|x86.ActiveCfg = Release|Any CPU
		{704A179F-0E8E-45D5-93D2-BB0B025A3F13}.Debug|Any CPU.ActiveCfg = Debug|Any CPU
		{704A179F-0E8E-45D5-93D2-BB0B025A3F13}.Debug|Any CPU.Build.0 = Debug|Any CPU
		{704A179F-0E8E-45D5-93D2-BB0B025A3F13}.Debug|Mixed Platforms.ActiveCfg = Debug|Any CPU
		{704A179F-0E8E-45D5-93D2-BB0B025A3F13}.Debug|Mixed Platforms.Build.0 = Debug|Any CPU
		{704A179F-0E8E-45D5-93D2-BB0B025A3F13}.Debug|x86.ActiveCfg = Debug|Any CPU
		{704A179F-0E8E-45D5-93D2-BB0B025A3F13}.Release|Any CPU.ActiveCfg = Release|Any CPU
		{704A179F-0E8E-45D5-93D2-BB0B025A3F13}.Release|Any CPU.Build.0 = Release|Any CPU
		{704A179F-0E8E-45D5-93D2-BB0B025A3F13}.Release|Mixed Platforms.ActiveCfg = Release|Any CPU
		{704A179F-0E8E-45D5-93D2-BB0B025A3F13}.Release|Mixed Platforms.Build.0 = Release|Any CPU
		{704A179F-0E8E-45D5-93D2-BB0B025A3F13}.Release|x86.ActiveCfg = Release|Any CPU
		{B1E81051-B844-4703-9AF1-F389AE307DF3}.Debug|Any CPU.ActiveCfg = Debug|Any CPU
		{B1E81051-B844-4703-9AF1-F389AE307DF3}.Debug|Any CPU.Build.0 = Debug|Any CPU
		{B1E81051-B844-4703-9AF1-F389AE307DF3}.Debug|Mixed Platforms.ActiveCfg = Debug|Any CPU
		{B1E81051-B844-4703-9AF1-F389AE307DF3}.Debug|Mixed Platforms.Build.0 = Debug|Any CPU
		{B1E81051-B844-4703-9AF1-F389AE307DF3}.Debug|x86.ActiveCfg = Debug|Any CPU
		{B1E81051-B844-4703-9AF1-F389AE307DF3}.Release|Any CPU.ActiveCfg = Release|Any CPU
		{B1E81051-B844-4703-9AF1-F389AE307DF3}.Release|Any CPU.Build.0 = Release|Any CPU
		{B1E81051-B844-4703-9AF1-F389AE307DF3}.Release|Mixed Platforms.ActiveCfg = Release|Any CPU
		{B1E81051-B844-4703-9AF1-F389AE307DF3}.Release|Mixed Platforms.Build.0 = Release|Any CPU
		{B1E81051-B844-4703-9AF1-F389AE307DF3}.Release|x86.ActiveCfg = Release|Any CPU
		{E71A10ED-B740-478A-9588-9E96221AB1F9}.Debug|Any CPU.ActiveCfg = Debug|Any CPU
		{E71A10ED-B740-478A-9588-9E96221AB1F9}.Debug|Any CPU.Build.0 = Debug|Any CPU
		{E71A10ED-B740-478A-9588-9E96221AB1F9}.Debug|Mixed Platforms.ActiveCfg = Debug|Any CPU
		{E71A10ED-B740-478A-9588-9E96221AB1F9}.Debug|Mixed Platforms.Build.0 = Debug|Any CPU
		{E71A10ED-B740-478A-9588-9E96221AB1F9}.Debug|x86.ActiveCfg = Debug|Any CPU
		{E71A10ED-B740-478A-9588-9E96221AB1F9}.Release|Any CPU.ActiveCfg = Release|Any CPU
		{E71A10ED-B740-478A-9588-9E96221AB1F9}.Release|Any CPU.Build.0 = Release|Any CPU
		{E71A10ED-B740-478A-9588-9E96221AB1F9}.Release|Mixed Platforms.ActiveCfg = Release|Any CPU
		{E71A10ED-B740-478A-9588-9E96221AB1F9}.Release|Mixed Platforms.Build.0 = Release|Any CPU
		{E71A10ED-B740-478A-9588-9E96221AB1F9}.Release|x86.ActiveCfg = Release|Any CPU
		{B7C26FDA-D160-4051-AF03-0722638BE9D6}.Debug|Any CPU.ActiveCfg = Debug|Any CPU
		{B7C26FDA-D160-4051-AF03-0722638BE9D6}.Debug|Any CPU.Build.0 = Debug|Any CPU
		{B7C26FDA-D160-4051-AF03-0722638BE9D6}.Debug|Mixed Platforms.ActiveCfg = Debug|Any CPU
		{B7C26FDA-D160-4051-AF03-0722638BE9D6}.Debug|Mixed Platforms.Build.0 = Debug|Any CPU
		{B7C26FDA-D160-4051-AF03-0722638BE9D6}.Debug|x86.ActiveCfg = Debug|Any CPU
		{B7C26FDA-D160-4051-AF03-0722638BE9D6}.Release|Any CPU.ActiveCfg = Release|Any CPU
		{B7C26FDA-D160-4051-AF03-0722638BE9D6}.Release|Any CPU.Build.0 = Release|Any CPU
		{B7C26FDA-D160-4051-AF03-0722638BE9D6}.Release|Mixed Platforms.ActiveCfg = Release|Any CPU
		{B7C26FDA-D160-4051-AF03-0722638BE9D6}.Release|Mixed Platforms.Build.0 = Release|Any CPU
		{B7C26FDA-D160-4051-AF03-0722638BE9D6}.Release|x86.ActiveCfg = Release|Any CPU
		{E2E3847D-91D3-44A8-BC29-7D24AB90D44F}.Debug|Any CPU.ActiveCfg = Debug|Any CPU
		{E2E3847D-91D3-44A8-BC29-7D24AB90D44F}.Debug|Any CPU.Build.0 = Debug|Any CPU
		{E2E3847D-91D3-44A8-BC29-7D24AB90D44F}.Debug|Mixed Platforms.ActiveCfg = Debug|Any CPU
		{E2E3847D-91D3-44A8-BC29-7D24AB90D44F}.Debug|Mixed Platforms.Build.0 = Debug|Any CPU
		{E2E3847D-91D3-44A8-BC29-7D24AB90D44F}.Debug|x86.ActiveCfg = Debug|Any CPU
		{E2E3847D-91D3-44A8-BC29-7D24AB90D44F}.Release|Any CPU.ActiveCfg = Release|Any CPU
		{E2E3847D-91D3-44A8-BC29-7D24AB90D44F}.Release|Any CPU.Build.0 = Release|Any CPU
		{E2E3847D-91D3-44A8-BC29-7D24AB90D44F}.Release|Mixed Platforms.ActiveCfg = Release|Any CPU
		{E2E3847D-91D3-44A8-BC29-7D24AB90D44F}.Release|Mixed Platforms.Build.0 = Release|Any CPU
		{E2E3847D-91D3-44A8-BC29-7D24AB90D44F}.Release|x86.ActiveCfg = Release|Any CPU
		{FAF1ED75-4207-4563-8924-1A3CEC679214}.Debug|Any CPU.ActiveCfg = Debug|Any CPU
		{FAF1ED75-4207-4563-8924-1A3CEC679214}.Debug|Any CPU.Build.0 = Debug|Any CPU
		{FAF1ED75-4207-4563-8924-1A3CEC679214}.Debug|Mixed Platforms.ActiveCfg = Debug|Any CPU
		{FAF1ED75-4207-4563-8924-1A3CEC679214}.Debug|Mixed Platforms.Build.0 = Debug|Any CPU
		{FAF1ED75-4207-4563-8924-1A3CEC679214}.Debug|x86.ActiveCfg = Debug|Any CPU
		{FAF1ED75-4207-4563-8924-1A3CEC679214}.Release|Any CPU.ActiveCfg = Release|Any CPU
		{FAF1ED75-4207-4563-8924-1A3CEC679214}.Release|Any CPU.Build.0 = Release|Any CPU
		{FAF1ED75-4207-4563-8924-1A3CEC679214}.Release|Mixed Platforms.ActiveCfg = Release|Any CPU
		{FAF1ED75-4207-4563-8924-1A3CEC679214}.Release|Mixed Platforms.Build.0 = Release|Any CPU
		{FAF1ED75-4207-4563-8924-1A3CEC679214}.Release|x86.ActiveCfg = Release|Any CPU
		{D4F6ACEB-886B-4B4B-823F-975C8374501C}.Debug|Any CPU.ActiveCfg = Debug|x86
		{D4F6ACEB-886B-4B4B-823F-975C8374501C}.Debug|Mixed Platforms.ActiveCfg = Debug|x86
		{D4F6ACEB-886B-4B4B-823F-975C8374501C}.Debug|Mixed Platforms.Build.0 = Debug|x86
		{D4F6ACEB-886B-4B4B-823F-975C8374501C}.Debug|x86.ActiveCfg = Debug|x86
		{D4F6ACEB-886B-4B4B-823F-975C8374501C}.Debug|x86.Build.0 = Debug|x86
		{D4F6ACEB-886B-4B4B-823F-975C8374501C}.Release|Any CPU.ActiveCfg = Release|x86
		{D4F6ACEB-886B-4B4B-823F-975C8374501C}.Release|Mixed Platforms.ActiveCfg = Release|x86
		{D4F6ACEB-886B-4B4B-823F-975C8374501C}.Release|Mixed Platforms.Build.0 = Release|x86
		{D4F6ACEB-886B-4B4B-823F-975C8374501C}.Release|x86.ActiveCfg = Release|x86
		{D4F6ACEB-886B-4B4B-823F-975C8374501C}.Release|x86.Build.0 = Release|x86
	EndGlobalSection
	GlobalSection(SolutionProperties) = preSolution
		HideSolutionNode = FALSE
	EndGlobalSection
	GlobalSection(ExtensibilityGlobals) = postSolution
		VisualSVNWorkingCopyRoot = .
	EndGlobalSection
EndGlobal
